PODS:
  - Alamofire (5.2.1)
  - IQKeyboardManagerSwift (6.5.5)
  - lottie-ios (3.0.7)
  - RaveSDK (2.0.6):
    - Alamofire
    - IQKeyboardManagerSwift
    - lottie-ios (~> 3.0.2)

DEPENDENCIES:
  - Alamofire
  - IQKeyboardManagerSwift
  - lottie-ios (~> 3.0.2)
  - RaveSDK (from `../`)

SPEC REPOS:
  trunk:
    - Alamofire
    - IQKeyboardManagerSwift
    - lottie-ios

EXTERNAL SOURCES:
  RaveSDK:
    :path: "../"

SPEC CHECKSUMS:
  Alamofire: e911732990610fe89af59ac0077f923d72dc3dfd
  IQKeyboardManagerSwift: 0fb93310284665245591f50f7a5e38de615960b7
  lottie-ios: c38c3178ae8c4a8f200661aa5f80b9f1ca7f56b3
  RaveSDK: 5c5d95ef48229e33e0c2a4ff53bc269cf1de9fd8

PODFILE CHECKSUM: f1bcbf0178b99b16df462e51edd978e6ec5e61f4

COCOAPODS: 1.9.2
